
Microsoft Visual Studio Solution File, Format Version 12.00
# Visual Studio Version 17
VisualStudioVersion = 17.5.002.0
MinimumVisualStudioVersion = 10.0.40219.1
Project("{9A19103F-16F7-4668-BE54-9A1E7A4F7556}") = "PreguntadORT", "PreguntadORT.csproj", "{95093A16-6381-42BC-A1C0-FAB99B2624A4}"
EndProject
Global
	GlobalSection(SolutionConfigurationPlatforms) = preSolution
		Debug|Any CPU = Debug|Any CPU
		Release|Any CPU = Release|Any CPU
	EndGlobalSection
	GlobalSection(ProjectConfigurationPlatforms) = postSolution
		{95093A16-6381-42BC-A1C0-FAB99B2624A4}.Debug|Any CPU.ActiveCfg = Debug|Any CPU
		{95093A16-6381-42BC-A1C0-FAB99B2624A4}.Debug|Any CPU.Build.0 = Debug|Any CPU
		{95093A16-6381-42BC-A1C0-FAB99B2624A4}.Release|Any CPU.ActiveCfg = Release|Any CPU
		{95093A16-6381-42BC-A1C0-FAB99B2624A4}.Release|Any CPU.Build.0 = Release|Any CPU
	EndGlobalSection
	GlobalSection(SolutionProperties) = preSolution
		HideSolutionNode = FALSE
	EndGlobalSection
	GlobalSection(ExtensibilityGlobals) = postSolution
		SolutionGuid = {A44F8794-C8A4-4884-91AF-DDCA6C0A02EE}
	EndGlobalSection
EndGlobal
